{
  "object": {
    "pins": [
      {
        "package": "MMSCameraViewController",
        "repositoryURL": "https://github.com/afnanm1999/MMSCameraViewController.git",
        "state": {
          "branch": "SPM-Integration",
          "revision": "391e674b3e2e3bb1cf9d1e4bf685b77d4dba175b",
          "version": null
        }
      }
    ]
  },
  "version": 1
}
